
Microsoft Visual Studio Solution File, Format Version 12.00
# Visual Studio Version 16
VisualStudioVersion = 16.0.30204.135
MinimumVisualStudioVersion = 10.0.40219.1
Project("{FAE04EC0-301F-11D3-BF4B-00C04F79EFBC}") = "proyectoGitHub", "proyectoGitHub\proyectoGitHub.csproj", "{B8A9AC9C-388C-47D8-9D1E-E088FBEF9801}"
EndProject
Global
	GlobalSection(SolutionConfigurationPlatforms) = preSolution
		Debug|Any CPU = Debug|Any CPU
		Release|Any CPU = Release|Any CPU
	EndGlobalSection
	GlobalSection(ProjectConfigurationPlatforms) = postSolution
		{B8A9AC9C-388C-47D8-9D1E-E088FBEF9801}.Debug|Any CPU.ActiveCfg = Debug|Any CPU
		{B8A9AC9C-388C-47D8-9D1E-E088FBEF9801}.Debug|Any CPU.Build.0 = Debug|Any CPU
		{B8A9AC9C-388C-47D8-9D1E-E088FBEF9801}.Release|Any CPU.ActiveCfg = Release|Any CPU
		{B8A9AC9C-388C-47D8-9D1E-E088FBEF9801}.Release|Any CPU.Build.0 = Release|Any CPU
	EndGlobalSection
	GlobalSection(SolutionProperties) = preSolution
		HideSolutionNode = FALSE
	EndGlobalSection
	GlobalSection(ExtensibilityGlobals) = postSolution
		SolutionGuid = {4DC9ABD1-6653-4CE6-A061-9E482D5C8FE9}
	EndGlobalSection
EndGlobal
